PODS:
  - IQDropDownTextField (4.0.4)
  - IQDropDownTextFieldSwift (4.0.4)
  - IQKeyboardCore (1.0.5)
  - IQKeyboardManager (6.5.19)
  - IQKeyboardNotification (1.0.3)
  - IQSubspecTest (1.0.0):
    - IQKeyboardNotification (= 1.0.3)
    - IQSubspecTest/Appearance (= 1.0.0)
    - IQSubspecTest/IQKeyboardReturnKeyHandler (= 1.0.0)
    - IQSubspecTest/IQKeyboardToolbarManager (= 1.0.0)
    - IQSubspecTest/IQTextView (= 1.0.0)
    - IQSubspecTest/Resign (= 1.0.0)
    - IQTextInputViewNotification (= 1.0.5)
  - IQSubspecTest/Appearance (1.0.0):
    - IQKeyboardNotification (= 1.0.3)
    - IQTextInputViewNotification (= 1.0.5)
  - IQSubspecTest/IQKeyboardReturnKeyHandler (1.0.0):
    - IQKeyboardNotification (= 1.0.3)
    - IQTextInputViewNotification (= 1.0.5)
  - IQSubspecTest/IQKeyboardToolbarManager (1.0.0):
    - IQKeyboardNotification (= 1.0.3)
    - IQSubspecTest/IQKeyboardToolbarManager/IQKeyboardToolbar (= 1.0.0)
    - IQTextInputViewNotification (= 1.0.5)
  - IQSubspecTest/IQKeyboardToolbarManager/IQKeyboardToolbar (1.0.0):
    - IQKeyboardNotification (= 1.0.3)
    - IQTextInputViewNotification (= 1.0.5)
  - IQSubspecTest/IQTextView (1.0.0):
    - IQKeyboardNotification (= 1.0.3)
    - IQTextInputViewNotification (= 1.0.5)
  - IQSubspecTest/Resign (1.0.0):
    - IQKeyboardNotification (= 1.0.3)
    - IQTextInputViewNotification (= 1.0.5)
  - IQTextInputViewNotification (1.0.5):
    - IQKeyboardCore (= 1.0.5)
  - RSKPlaceholderTextView (8.0.0)
  - SwiftLint (0.56.1)

DEPENDENCIES:
  - IQDropDownTextField
  - IQDropDownTextFieldSwift
  - IQKeyboardManager (from `.`)
  - IQSubspecTest (from `.`)
  - RSKPlaceholderTextView
  - SwiftLint

SPEC REPOS:
  trunk:
    - IQDropDownTextField
    - IQDropDownTextFieldSwift
    - IQKeyboardCore
    - IQKeyboardNotification
    - IQTextInputViewNotification
    - RSKPlaceholderTextView
    - SwiftLint

EXTERNAL SOURCES:
  IQKeyboardManager:
    :path: "."
  IQSubspecTest:
    :path: "."

SPEC CHECKSUMS:
  IQDropDownTextField: 3cce52d039b32c6cfa44c6a7603e949c1df4c7c3
  IQDropDownTextFieldSwift: fe6cf39c35dae95335a651e0e08a842a49f08b57
  IQKeyboardCore: 28c8bf3bcd8ba5aa1570b318cbc4da94b861711e
  IQKeyboardManager: c8665b3396bd0b79402b4c573eac345a31c7d485
  IQKeyboardNotification: d7382c4466c5a5adef92c7452ebf861b36050088
  IQSubspecTest: ad774a09d34047800c2260d3a4d499df81bc9b2c
  IQTextInputViewNotification: 4381fb828881983205fbee38f17da8a9fe2e835c
  RSKPlaceholderTextView: 85cb165bfbfe160a2e7bfb6bcd77a21100ce1b52
  SwiftLint: c5fa0b7eece474d43d2178b581a1242a16267347

PODFILE CHECKSUM: 4d98982aff91b9242e248fbd0be9264ec0ca91cf

COCOAPODS: 1.15.2
